
Microsoft Visual Studio Solution File, Format Version 12.00
# Visual Studio 14
VisualStudioVersion = 14.0.25420.1
MinimumVisualStudioVersion = 10.0.40219.1
Project("{8BC9CEB8-8B4A-11D0-8D11-00A0C91BC942}") = "hiredislib", "hiredis.vcxproj", "{2F6C0861-F9EF-4738-B09C-55E0563FAA0C}"
EndProject
Project("{8BC9CEB8-8B4A-11D0-8D11-00A0C91BC942}") = "hiredisdll", "hiredisdll.vcxproj", "{06255297-E32A-45A2-95F4-BE81BFAA4D34}"
	ProjectSection(ProjectDependencies) = postProject
		{2F6C0861-F9EF-4738-B09C-55E0563FAA0C} = {2F6C0861-F9EF-4738-B09C-55E0563FAA0C}
	EndProjectSection
EndProject
Project("{2150E333-8FDC-42A3-9474-1A3956D46DE8}") = "examples", "examples", "{2C1A4635-C1F8-4A35-B4DE-5334207C70B5}"
EndProject
Project("{8BC9CEB8-8B4A-11D0-8D11-00A0C91BC942}") = "example", "example.vcxproj", "{3409BCF8-1E0C-46A7-8096-A9DCB51689EC}"
EndProject
Project("{8BC9CEB8-8B4A-11D0-8D11-00A0C91BC942}") = "example-ae", "example-ae.vcxproj", "{BD9487F4-D2E8-49BC-86FF-BDCC699FC1ED}"
EndProject
Project("{8BC9CEB8-8B4A-11D0-8D11-00A0C91BC942}") = "example-glib", "example-glib.vcxproj", "{1A57F225-24EB-4344-AB88-ED3E124B80C9}"
EndProject
Project("{8BC9CEB8-8B4A-11D0-8D11-00A0C91BC942}") = "example-ivykis", "example-ivykis.vcxproj", "{C3D16394-CC31-4AF9-84B8-2AEE4B0BDB50}"
EndProject
Project("{8BC9CEB8-8B4A-11D0-8D11-00A0C91BC942}") = "example-libuv", "example-libuv.vcxproj", "{9FE95275-7A3C-4165-9151-997EA8880B63}"
EndProject
Project("{8BC9CEB8-8B4A-11D0-8D11-00A0C91BC942}") = "example-libev", "example-libev.vcxproj", "{D55F7AA6-0B50-451C-BD25-BBBD7948B928}"
EndProject
Project("{8BC9CEB8-8B4A-11D0-8D11-00A0C91BC942}") = "example-libevent", "example-libevent.vcxproj", "{76DF5152-FED5-42C1-9025-85335BBAEF07}"
EndProject
Project("{8BC9CEB8-8B4A-11D0-8D11-00A0C91BC942}") = "example-qt", "example-qt.vcxproj", "{A6006373-732D-4ABF-93D6-F493E6290678}"
EndProject
Project("{2150E333-8FDC-42A3-9474-1A3956D46DE8}") = "tests", "tests", "{F46A7579-6EBF-40B3-9A14-3DCD51C1462B}"
EndProject
Project("{8BC9CEB8-8B4A-11D0-8D11-00A0C91BC942}") = "hiredistest", "hiredistest.vcxproj", "{55B0E4D6-A4A4-4F3B-89B4-D8FCF2E49AFB}"
EndProject
Global
	GlobalSection(SolutionConfigurationPlatforms) = preSolution
		Debug|x64 = Debug|x64
		Debug|x86 = Debug|x86
		Release|x64 = Release|x64
		Release|x86 = Release|x86
	EndGlobalSection
	GlobalSection(ProjectConfigurationPlatforms) = postSolution
		{2F6C0861-F9EF-4738-B09C-55E0563FAA0C}.Debug|x64.ActiveCfg = Debug|x64
		{2F6C0861-F9EF-4738-B09C-55E0563FAA0C}.Debug|x64.Build.0 = Debug|x64
		{2F6C0861-F9EF-4738-B09C-55E0563FAA0C}.Debug|x86.ActiveCfg = Debug|Win32
		{2F6C0861-F9EF-4738-B09C-55E0563FAA0C}.Debug|x86.Build.0 = Debug|Win32
		{2F6C0861-F9EF-4738-B09C-55E0563FAA0C}.Release|x64.ActiveCfg = Release|x64
		{2F6C0861-F9EF-4738-B09C-55E0563FAA0C}.Release|x64.Build.0 = Release|x64
		{2F6C0861-F9EF-4738-B09C-55E0563FAA0C}.Release|x86.ActiveCfg = Release|Win32
		{2F6C0861-F9EF-4738-B09C-55E0563FAA0C}.Release|x86.Build.0 = Release|Win32
		{06255297-E32A-45A2-95F4-BE81BFAA4D34}.Debug|x64.ActiveCfg = Debug|x64
		{06255297-E32A-45A2-95F4-BE81BFAA4D34}.Debug|x64.Build.0 = Debug|x64
		{06255297-E32A-45A2-95F4-BE81BFAA4D34}.Debug|x86.ActiveCfg = Debug|Win32
		{06255297-E32A-45A2-95F4-BE81BFAA4D34}.Debug|x86.Build.0 = Debug|Win32
		{06255297-E32A-45A2-95F4-BE81BFAA4D34}.Release|x64.ActiveCfg = Release|x64
		{06255297-E32A-45A2-95F4-BE81BFAA4D34}.Release|x64.Build.0 = Release|x64
		{06255297-E32A-45A2-95F4-BE81BFAA4D34}.Release|x86.ActiveCfg = Release|Win32
		{06255297-E32A-45A2-95F4-BE81BFAA4D34}.Release|x86.Build.0 = Release|Win32
		{3409BCF8-1E0C-46A7-8096-A9DCB51689EC}.Debug|x64.ActiveCfg = Debug|x64
		{3409BCF8-1E0C-46A7-8096-A9DCB51689EC}.Debug|x64.Build.0 = Debug|x64
		{3409BCF8-1E0C-46A7-8096-A9DCB51689EC}.Debug|x86.ActiveCfg = Debug|Win32
		{3409BCF8-1E0C-46A7-8096-A9DCB51689EC}.Debug|x86.Build.0 = Debug|Win32
		{3409BCF8-1E0C-46A7-8096-A9DCB51689EC}.Release|x64.ActiveCfg = Release|x64
		{3409BCF8-1E0C-46A7-8096-A9DCB51689EC}.Release|x64.Build.0 = Release|x64
		{3409BCF8-1E0C-46A7-8096-A9DCB51689EC}.Release|x86.ActiveCfg = Release|Win32
		{3409BCF8-1E0C-46A7-8096-A9DCB51689EC}.Release|x86.Build.0 = Release|Win32
		{BD9487F4-D2E8-49BC-86FF-BDCC699FC1ED}.Debug|x64.ActiveCfg = Debug|x64
		{BD9487F4-D2E8-49BC-86FF-BDCC699FC1ED}.Debug|x64.Build.0 = Debug|x64
		{BD9487F4-D2E8-49BC-86FF-BDCC699FC1ED}.Debug|x86.ActiveCfg = Debug|Win32
		{BD9487F4-D2E8-49BC-86FF-BDCC699FC1ED}.Debug|x86.Build.0 = Debug|Win32
		{BD9487F4-D2E8-49BC-86FF-BDCC699FC1ED}.Release|x64.ActiveCfg = Release|x64
		{BD9487F4-D2E8-49BC-86FF-BDCC699FC1ED}.Release|x64.Build.0 = Release|x64
		{BD9487F4-D2E8-49BC-86FF-BDCC699FC1ED}.Release|x86.ActiveCfg = Release|Win32
		{BD9487F4-D2E8-49BC-86FF-BDCC699FC1ED}.Release|x86.Build.0 = Release|Win32
		{1A57F225-24EB-4344-AB88-ED3E124B80C9}.Debug|x64.ActiveCfg = Debug|x64
		{1A57F225-24EB-4344-AB88-ED3E124B80C9}.Debug|x64.Build.0 = Debug|x64
		{1A57F225-24EB-4344-AB88-ED3E124B80C9}.Debug|x86.ActiveCfg = Debug|Win32
		{1A57F225-24EB-4344-AB88-ED3E124B80C9}.Debug|x86.Build.0 = Debug|Win32
		{1A57F225-24EB-4344-AB88-ED3E124B80C9}.Release|x64.ActiveCfg = Release|x64
		{1A57F225-24EB-4344-AB88-ED3E124B80C9}.Release|x64.Build.0 = Release|x64
		{1A57F225-24EB-4344-AB88-ED3E124B80C9}.Release|x86.ActiveCfg = Release|Win32
		{1A57F225-24EB-4344-AB88-ED3E124B80C9}.Release|x86.Build.0 = Release|Win32
		{C3D16394-CC31-4AF9-84B8-2AEE4B0BDB50}.Debug|x64.ActiveCfg = Debug|x64
		{C3D16394-CC31-4AF9-84B8-2AEE4B0BDB50}.Debug|x64.Build.0 = Debug|x64
		{C3D16394-CC31-4AF9-84B8-2AEE4B0BDB50}.Debug|x86.ActiveCfg = Debug|Win32
		{C3D16394-CC31-4AF9-84B8-2AEE4B0BDB50}.Debug|x86.Build.0 = Debug|Win32
		{C3D16394-CC31-4AF9-84B8-2AEE4B0BDB50}.Release|x64.ActiveCfg = Release|x64
		{C3D16394-CC31-4AF9-84B8-2AEE4B0BDB50}.Release|x64.Build.0 = Release|x64
		{C3D16394-CC31-4AF9-84B8-2AEE4B0BDB50}.Release|x86.ActiveCfg = Release|Win32
		{C3D16394-CC31-4AF9-84B8-2AEE4B0BDB50}.Release|x86.Build.0 = Release|Win32
		{9FE95275-7A3C-4165-9151-997EA8880B63}.Debug|x64.ActiveCfg = Debug|x64
		{9FE95275-7A3C-4165-9151-997EA8880B63}.Debug|x64.Build.0 = Debug|x64
		{9FE95275-7A3C-4165-9151-997EA8880B63}.Debug|x86.ActiveCfg = Debug|Win32
		{9FE95275-7A3C-4165-9151-997EA8880B63}.Debug|x86.Build.0 = Debug|Win32
		{9FE95275-7A3C-4165-9151-997EA8880B63}.Release|x64.ActiveCfg = Release|x64
		{9FE95275-7A3C-4165-9151-997EA8880B63}.Release|x64.Build.0 = Release|x64
		{9FE95275-7A3C-4165-9151-997EA8880B63}.Release|x86.ActiveCfg = Release|Win32
		{9FE95275-7A3C-4165-9151-997EA8880B63}.Release|x86.Build.0 = Release|Win32
		{D55F7AA6-0B50-451C-BD25-BBBD7948B928}.Debug|x64.ActiveCfg = Debug|x64
		{D55F7AA6-0B50-451C-BD25-BBBD7948B928}.Debug|x64.Build.0 = Debug|x64
		{D55F7AA6-0B50-451C-BD25-BBBD7948B928}.Debug|x86.ActiveCfg = Debug|Win32
		{D55F7AA6-0B50-451C-BD25-BBBD7948B928}.Debug|x86.Build.0 = Debug|Win32
		{D55F7AA6-0B50-451C-BD25-BBBD7948B928}.Release|x64.ActiveCfg = Release|x64
		{D55F7AA6-0B50-451C-BD25-BBBD7948B928}.Release|x64.Build.0 = Release|x64
		{D55F7AA6-0B50-451C-BD25-BBBD7948B928}.Release|x86.ActiveCfg = Release|Win32
		{D55F7AA6-0B50-451C-BD25-BBBD7948B928}.Release|x86.Build.0 = Release|Win32
		{76DF5152-FED5-42C1-9025-85335BBAEF07}.Debug|x64.ActiveCfg = Debug|x64
		{76DF5152-FED5-42C1-9025-85335BBAEF07}.Debug|x64.Build.0 = Debug|x64
		{76DF5152-FED5-42C1-9025-85335BBAEF07}.Debug|x86.ActiveCfg = Debug|Win32
		{76DF5152-FED5-42C1-9025-85335BBAEF07}.Debug|x86.Build.0 = Debug|Win32
		{76DF5152-FED5-42C1-9025-85335BBAEF07}.Release|x64.ActiveCfg = Release|x64
		{76DF5152-FED5-42C1-9025-85335BBAEF07}.Release|x64.Build.0 = Release|x64
		{76DF5152-FED5-42C1-9025-85335BBAEF07}.Release|x86.ActiveCfg = Release|Win32
		{76DF5152-FED5-42C1-9025-85335BBAEF07}.Release|x86.Build.0 = Release|Win32
		{A6006373-732D-4ABF-93D6-F493E6290678}.Debug|x64.ActiveCfg = Debug|x64
		{A6006373-732D-4ABF-93D6-F493E6290678}.Debug|x64.Build.0 = Debug|x64
		{A6006373-732D-4ABF-93D6-F493E6290678}.Debug|x86.ActiveCfg = Debug|Win32
		{A6006373-732D-4ABF-93D6-F493E6290678}.Debug|x86.Build.0 = Debug|Win32
		{A6006373-732D-4ABF-93D6-F493E6290678}.Release|x64.ActiveCfg = Release|x64
		{A6006373-732D-4ABF-93D6-F493E6290678}.Release|x64.Build.0 = Release|x64
		{A6006373-732D-4ABF-93D6-F493E6290678}.Release|x86.ActiveCfg = Release|Win32
		{A6006373-732D-4ABF-93D6-F493E6290678}.Release|x86.Build.0 = Release|Win32
		{55B0E4D6-A4A4-4F3B-89B4-D8FCF2E49AFB}.Debug|x64.ActiveCfg = Debug|x64
		{55B0E4D6-A4A4-4F3B-89B4-D8FCF2E49AFB}.Debug|x64.Build.0 = Debug|x64
		{55B0E4D6-A4A4-4F3B-89B4-D8FCF2E49AFB}.Debug|x86.ActiveCfg = Debug|Win32
		{55B0E4D6-A4A4-4F3B-89B4-D8FCF2E49AFB}.Debug|x86.Build.0 = Debug|Win32
		{55B0E4D6-A4A4-4F3B-89B4-D8FCF2E49AFB}.Release|x64.ActiveCfg = Release|x64
		{55B0E4D6-A4A4-4F3B-89B4-D8FCF2E49AFB}.Release|x64.Build.0 = Release|x64
		{55B0E4D6-A4A4-4F3B-89B4-D8FCF2E49AFB}.Release|x86.ActiveCfg = Release|Win32
		{55B0E4D6-A4A4-4F3B-89B4-D8FCF2E49AFB}.Release|x86.Build.0 = Release|Win32
	EndGlobalSection
	GlobalSection(SolutionProperties) = preSolution
		HideSolutionNode = FALSE
	EndGlobalSection
	GlobalSection(NestedProjects) = preSolution
		{3409BCF8-1E0C-46A7-8096-A9DCB51689EC} = {2C1A4635-C1F8-4A35-B4DE-5334207C70B5}
		{BD9487F4-D2E8-49BC-86FF-BDCC699FC1ED} = {2C1A4635-C1F8-4A35-B4DE-5334207C70B5}
		{1A57F225-24EB-4344-AB88-ED3E124B80C9} = {2C1A4635-C1F8-4A35-B4DE-5334207C70B5}
		{C3D16394-CC31-4AF9-84B8-2AEE4B0BDB50} = {2C1A4635-C1F8-4A35-B4DE-5334207C70B5}
		{9FE95275-7A3C-4165-9151-997EA8880B63} = {2C1A4635-C1F8-4A35-B4DE-5334207C70B5}
		{D55F7AA6-0B50-451C-BD25-BBBD7948B928} = {2C1A4635-C1F8-4A35-B4DE-5334207C70B5}
		{76DF5152-FED5-42C1-9025-85335BBAEF07} = {2C1A4635-C1F8-4A35-B4DE-5334207C70B5}
		{A6006373-732D-4ABF-93D6-F493E6290678} = {2C1A4635-C1F8-4A35-B4DE-5334207C70B5}
		{55B0E4D6-A4A4-4F3B-89B4-D8FCF2E49AFB} = {F46A7579-6EBF-40B3-9A14-3DCD51C1462B}
	EndGlobalSection
EndGlobal
